
Microsoft Visual Studio Solution File, Format Version 12.00
# Visual Studio Version 16
VisualStudioVersion = 16.0.31911.196
MinimumVisualStudioVersion = 10.0.40219.1
Project("{FAE04EC0-301F-11D3-BF4B-00C04F79EFBC}") = "DotNetCoreWebAPIWith_JWT", "DotNetCoreWebAPIWith_JWT\DotNetCoreWebAPIWith_JWT.csproj", "{55F27342-FD8D-43FC-940C-6F1BC6EFE522}"
EndProject
Global
	GlobalSection(SolutionConfigurationPlatforms) = preSolution
		Debug|Any CPU = Debug|Any CPU
		Release|Any CPU = Release|Any CPU
	EndGlobalSection
	GlobalSection(ProjectConfigurationPlatforms) = postSolution
		{55F27342-FD8D-43FC-940C-6F1BC6EFE522}.Debug|Any CPU.ActiveCfg = Debug|Any CPU
		{55F27342-FD8D-43FC-940C-6F1BC6EFE522}.Debug|Any CPU.Build.0 = Debug|Any CPU
		{55F27342-FD8D-43FC-940C-6F1BC6EFE522}.Release|Any CPU.ActiveCfg = Release|Any CPU
		{55F27342-FD8D-43FC-940C-6F1BC6EFE522}.Release|Any CPU.Build.0 = Release|Any CPU
	EndGlobalSection
	GlobalSection(SolutionProperties) = preSolution
		HideSolutionNode = FALSE
	EndGlobalSection
	GlobalSection(ExtensibilityGlobals) = postSolution
		SolutionGuid = {5DBE34B3-7408-40C5-8EBA-134AD6883107}
	EndGlobalSection
EndGlobal
